
Microsoft Visual Studio Solution File, Format Version 12.00
# Visual Studio Version 16
VisualStudioVersion = 16.0.30204.135
MinimumVisualStudioVersion = 10.0.40219.1
Project("{FAE04EC0-301F-11D3-BF4B-00C04F79EFBC}") = "PDFMerger", "PDFMerger\PDFMerger.csproj", "{3525ACBE-5A6E-4FFF-BA2F-0079DA4F0765}"
EndProject
Global
	GlobalSection(SolutionConfigurationPlatforms) = preSolution
		Debug|Any CPU = Debug|Any CPU
		Release|Any CPU = Release|Any CPU
	EndGlobalSection
	GlobalSection(ProjectConfigurationPlatforms) = postSolution
		{3525ACBE-5A6E-4FFF-BA2F-0079DA4F0765}.Debug|Any CPU.ActiveCfg = Debug|Any CPU
		{3525ACBE-5A6E-4FFF-BA2F-0079DA4F0765}.Debug|Any CPU.Build.0 = Debug|Any CPU
		{3525ACBE-5A6E-4FFF-BA2F-0079DA4F0765}.Release|Any CPU.ActiveCfg = Release|Any CPU
		{3525ACBE-5A6E-4FFF-BA2F-0079DA4F0765}.Release|Any CPU.Build.0 = Release|Any CPU
	EndGlobalSection
	GlobalSection(SolutionProperties) = preSolution
		HideSolutionNode = FALSE
	EndGlobalSection
	GlobalSection(ExtensibilityGlobals) = postSolution
		SolutionGuid = {08010857-4CCB-478E-98BD-17B1F5C5192E}
	EndGlobalSection
EndGlobal
